# THIS IS AN AUTOGENERATED FILE. DO NOT EDIT THIS FILE DIRECTLY.
# yarn lockfile v1


"@cloudflare/workers-types@^3.1.1":
  version "3.1.1"
  resolved "https://registry.yarnpkg.com/@cloudflare/workers-types/-/workers-types-3.1.1.tgz#d5bae190fb83af48a3b2c7f09e7b0037725fbcdf"
  integrity sha512-7NnSrdUJ1EdmJyMImKemlcOyjRCc9GYc939Ih5Lab9Mg4T5KvTMdHQDSUXFZJObPnS0YuYMcyfLJTmxWJj+1Sw==

regexparam@^2.0.0:
  version "2.0.0"
  resolved "https://registry.yarnpkg.com/regexparam/-/regexparam-2.0.0.tgz#059476767d5f5f87f735fc7922d133fd1a118c8c"
  integrity sha512-gJKwd2MVPWHAIFLsaYDZfyKzHNS4o7E/v8YmNf44vmeV2e4YfVoDToTOKTvE7ab68cRJ++kLuEXJBaEeJVt5ow==

typescript@4.4.4:
  version "4.4.4"
  resolved "https://registry.yarnpkg.com/typescript/-/typescript-4.4.4.tgz#2cd01a1a1f160704d3101fd5a58ff0f9fcb8030c"
  integrity sha512-DqGhF5IKoBl8WNf8C1gu8q0xZSInh9j1kJJMqT3a94w1JzVaBU4EXOSMrz9yDqMT0xt3selp83fuFMQ0uzv6qA==

worktop@0.8.0-next.6:
  version "0.8.0-next.6"
  resolved "https://registry.yarnpkg.com/worktop/-/worktop-0.8.0-next.6.tgz#db5aa41aa5f256040ecb5bb73a9cc406d87440dc"
  integrity sha512-i/9k4tdeJjKMUAFvk9Kddfh8kwI4o7jwauYqZLezbTyjrcNXzNMycYyklu1vrF9I2KGvZnuDW4WWmWZC72NGqA==
  dependencies:
    regexparam "^2.0.0"
